
Microsoft Visual Studio Solution File, Format Version 12.00
# Visual Studio 15
VisualStudioVersion = 15.0.28307.1259
MinimumVisualStudioVersion = 10.0.40219.1
Project("{FAE04EC0-301F-11D3-BF4B-00C04F79EFBC}") = "TestandoMVC", "TestandoMVC\TestandoMVC.csproj", "{4AC30FA4-4DDC-4AD2-8C62-95B56AABCDD1}"
EndProject
Global
	GlobalSection(SolutionConfigurationPlatforms) = preSolution
		Debug|Any CPU = Debug|Any CPU
		Release|Any CPU = Release|Any CPU
	EndGlobalSection
	GlobalSection(ProjectConfigurationPlatforms) = postSolution
		{4AC30FA4-4DDC-4AD2-8C62-95B56AABCDD1}.Debug|Any CPU.ActiveCfg = Debug|Any CPU
		{4AC30FA4-4DDC-4AD2-8C62-95B56AABCDD1}.Debug|Any CPU.Build.0 = Debug|Any CPU
		{4AC30FA4-4DDC-4AD2-8C62-95B56AABCDD1}.Release|Any CPU.ActiveCfg = Release|Any CPU
		{4AC30FA4-4DDC-4AD2-8C62-95B56AABCDD1}.Release|Any CPU.Build.0 = Release|Any CPU
	EndGlobalSection
	GlobalSection(SolutionProperties) = preSolution
		HideSolutionNode = FALSE
	EndGlobalSection
	GlobalSection(ExtensibilityGlobals) = postSolution
		SolutionGuid = {24DB8FAF-601B-4B24-88EC-E504C9751732}
	EndGlobalSection
EndGlobal
